{
  "name": "weatherscrape-demo",
  "lockfileVersion": 2,
  "requires": true,
  "packages": {
    "": {
      "dependencies": {
        "openweather-apis": "^4.5.0"
      }
    },
    "node_modules/openweather-apis": {
      "version": "4.5.0",
      "resolved": "https://registry.npmjs.org/openweather-apis/-/openweather-apis-4.5.0.tgz",
      "integrity": "sha512-DNh+s66quTDfgVCrIVNyad9SUPvJVGSJi4MpM6JO3rfiYGBFej7KJvV7R0cMr9iTJxvf2/xJIMHv4sk8pe/UBQ=="
    }
  },
  "dependencies": {
    "openweather-apis": {
      "version": "4.5.0",
      "resolved": "https://registry.npmjs.org/openweather-apis/-/openweather-apis-4.5.0.tgz",
      "integrity": "sha512-DNh+s66quTDfgVCrIVNyad9SUPvJVGSJi4MpM6JO3rfiYGBFej7KJvV7R0cMr9iTJxvf2/xJIMHv4sk8pe/UBQ=="
    }
  }
}
